<?xml version="1.0" encoding="UTF-8" standalone="yes" ?>
<CodeBlocks_project_file>
	<FileVersion major="1" minor="6" />
	<Project>
		<Option title="MicroVectoroids" />
		<Option pch_mode="2" />
		<Option compiler="gcc" />
		<Build>
			<Target title="Debug">
				<Option output="bin/Debug/MicroVectoroids" prefix_auto="1" extension_auto="1" />
				<Option object_output="obj/Debug/" />
				<Option type="1" />
				<Option compiler="gcc" />
				<Compiler>
					<Add option="-g" />
				</Compiler>
				<Linker>
					<Add library="GLFW3" />
					<Add library="opengl32" />
					<Add library="gdi32" />
				</Linker>
			</Target>
			<Target title="Release">
				<Option output="bin/Release/MicroVectoroids" prefix_auto="1" extension_auto="1" />
				<Option object_output="obj/Release/" />
				<Option type="0" />
				<Option compiler="gcc" />
				<Compiler>
					<Add option="-O2" />
					<Add option="-static-libgcc" />
					<Add option="-static-libstdc++" />
				</Compiler>
				<Linker>
					<Add option="-s" />
					<Add option="-static-libstdc++ -static-libgcc" />
				</Linker>
			</Target>
		</Build>
		<Compiler>
			<Add option="-Wall" />
			<Add option="-std=c++11" />
			<Add option="-DWIN32" />
			<Add directory="td2play/simulator/include" />
			<Add directory="td2play/simulator/GLFW-3/include" />
			<Add directory="MicroVectoroids" />
		</Compiler>
		<Linker>
			<Add option="-static-libstdc++ -static-libgcc" />
			<Add library="GLFW3" />
			<Add library="opengl32" />
			<Add library="gdi32" />
			<Add directory="td2play/simulator/bin/Debug" />
		</Linker>
		<ExtraCommands>
			<Add before="prebuild.bat" />
		</ExtraCommands>
		<Unit filename="MicroVectoroids/MicroVectoroids.cpp" />
		<Unit filename="MicroVectoroids/asset_tilemap.cpp" />
		<Unit filename="MicroVectoroids/asset_tilemap.h" />
		<Unit filename="MicroVectoroids/font_asset.cpp" />
		<Unit filename="MicroVectoroids/font_asset.h" />
		<Unit filename="MicroVectoroids/game_common.cpp" />
		<Unit filename="MicroVectoroids/game_common.h" />
		<Unit filename="MicroVectoroids/image_data.cpp" />
		<Unit filename="MicroVectoroids/image_data.h" />
		<Unit filename="td2play/simulator/src/Main.cpp" />
		<Unit filename="td2play/srclib/lib_FixedMath.cpp" />
		<Unit filename="td2play/srclib/lib_FixedMath.h" />
		<Unit filename="td2play/srclib/lib_RenderBuffer.cpp" />
		<Unit filename="td2play/srclib/lib_RenderBuffer.h" />
		<Unit filename="td2play/srclib/lib_StringBuffer.cpp" />
		<Unit filename="td2play/srclib/lib_StringBuffer.h" />
		<Unit filename="td2play/srclib/lib_font_virtualdj.h" />
		<Unit filename="td2play/srclib/lib_geom.h" />
		<Unit filename="td2play/srclib/lib_image.h" />
		<Unit filename="td2play/srclib/lib_input.cpp" />
		<Unit filename="td2play/srclib/lib_input.h" />
		<Unit filename="td2play/srclib/lib_math.cpp" />
		<Unit filename="td2play/srclib/lib_math.h" />
		<Unit filename="td2play/srclib/lib_spritefont.h" />
		<Unit filename="td2play/srclib/lib_spritefont_structs.h" />
		<Unit filename="td2play/srclib/lib_storage.cpp" />
		<Unit filename="td2play/srclib/lib_storage.h" />
		<Unit filename="td2play/srclib/lib_tilemap.cpp" />
		<Unit filename="td2play/srclib/lib_tilemap.h" />
		<Unit filename="td2play/srclib/test_FixedMath.h" />
		<Unit filename="td2play/srclib/test_math.h" />
		<Extensions>
			<code_completion />
			<envvars />
			<debugger />
			<lib_finder disable_auto="1" />
		</Extensions>
	</Project>
</CodeBlocks_project_file>
