<?xml version="1.0" encoding="UTF-8" standalone="yes" ?>
<CodeBlocks_project_file>
	<FileVersion major="1" minor="6" />
	<Project>
		<Option title="MicroVektoRoids" />
		<Option pch_mode="2" />
		<Option compiler="gcc" />
		<Build>
			<Target title="Debug">
				<Option output="bin/Debug/MicroVektoRoids" prefix_auto="1" extension_auto="1" />
				<Option object_output="obj/Debug/" />
				<Option type="1" />
				<Option compiler="gcc" />
				<Compiler>
					<Add option="-g" />
				</Compiler>
				<Linker>
					<Add library="GLFW3" />
					<Add library="opengl32" />
					<Add library="gdi32" />
				</Linker>
			</Target>
			<Target title="Release">
				<Option output="bin/Release/MicroVektoRoids" prefix_auto="1" extension_auto="1" />
				<Option object_output="obj/Release/" />
				<Option type="0" />
				<Option compiler="gcc" />
				<Compiler>
					<Add option="-O2" />
					<Add option="-static-libgcc" />
					<Add option="-static-libstdc++" />
				</Compiler>
				<Linker>
					<Add option="-s" />
					<Add option="-static-libstdc++ -static-libgcc" />
				</Linker>
			</Target>
		</Build>
		<Compiler>
			<Add option="-Wall" />
			<Add option="-std=c++11" />
			<Add option="-DWIN32" />
			<Add directory="td2play/simulator/include" />
			<Add directory="td2play/simulator/GLFW-3/include" />
			<Add directory="MicroVektoRoids" />
		</Compiler>
		<Linker>
			<Add option="-static-libstdc++ -static-libgcc" />
			<Add library="GLFW3" />
			<Add library="opengl32" />
			<Add library="gdi32" />
			<Add directory="td2play/simulator/bin/Debug" />
		</Linker>
		<ExtraCommands>
			<Add before="prebuild.bat" />
		</ExtraCommands>
		<Unit filename="MicroVektoRoids/MicroVektoRoids.cpp" />
		<Unit filename="MicroVektoRoids/asset_tilemap.cpp" />
		<Unit filename="MicroVektoRoids/asset_tilemap.h" />
		<Unit filename="MicroVektoRoids/font_asset.cpp" />
		<Unit filename="MicroVektoRoids/font_asset.h" />
		<Unit filename="MicroVektoRoids/game_asteroids.cpp" />
		<Unit filename="MicroVektoRoids/game_asteroids.h" />
		<Unit filename="MicroVektoRoids/game_balancing.h" />
		<Unit filename="MicroVektoRoids/game_collectable.cpp" />
		<Unit filename="MicroVektoRoids/game_collectable.h" />
		<Unit filename="MicroVektoRoids/game_common.cpp" />
		<Unit filename="MicroVektoRoids/game_common.h" />
		<Unit filename="MicroVektoRoids/game_menu.cpp" />
		<Unit filename="MicroVektoRoids/game_menu.h" />
		<Unit filename="MicroVektoRoids/game_particles.cpp" />
		<Unit filename="MicroVektoRoids/game_particles.h" />
		<Unit filename="MicroVektoRoids/game_player_stats.cpp" />
		<Unit filename="MicroVektoRoids/game_player_stats.h" />
		<Unit filename="MicroVektoRoids/game_projectile.cpp" />
		<Unit filename="MicroVektoRoids/game_projectile.h" />
		<Unit filename="MicroVektoRoids/game_ships.cpp" />
		<Unit filename="MicroVektoRoids/game_ships.h" />
		<Unit filename="MicroVektoRoids/game_sound.cpp" />
		<Unit filename="MicroVektoRoids/game_sound.h" />
		<Unit filename="MicroVektoRoids/game_ui_hud.cpp" />
		<Unit filename="MicroVektoRoids/game_ui_hud.h" />
		<Unit filename="MicroVektoRoids/game_ui_info.cpp" />
		<Unit filename="MicroVektoRoids/game_ui_info.h" />
		<Unit filename="MicroVektoRoids/game_ui_radar.cpp" />
		<Unit filename="MicroVektoRoids/game_ui_radar.h" />
		<Unit filename="MicroVektoRoids/game_ui_shield.cpp" />
		<Unit filename="MicroVektoRoids/game_ui_shield.h" />
		<Unit filename="MicroVektoRoids/image_data.cpp" />
		<Unit filename="MicroVektoRoids/image_data.h" />
		<Unit filename="td2play/simulator/src/Main.cpp" />
		<Unit filename="td2play/srclib/lib_FixedMath.cpp" />
		<Unit filename="td2play/srclib/lib_FixedMath.h" />
		<Unit filename="td2play/srclib/lib_RenderBuffer.cpp" />
		<Unit filename="td2play/srclib/lib_RenderBuffer.h" />
		<Unit filename="td2play/srclib/lib_StringBuffer.cpp" />
		<Unit filename="td2play/srclib/lib_StringBuffer.h" />
		<Unit filename="td2play/srclib/lib_font_virtualdj.h" />
		<Unit filename="td2play/srclib/lib_geom.h" />
		<Unit filename="td2play/srclib/lib_image.h" />
		<Unit filename="td2play/srclib/lib_input.cpp" />
		<Unit filename="td2play/srclib/lib_input.h" />
		<Unit filename="td2play/srclib/lib_math.cpp" />
		<Unit filename="td2play/srclib/lib_math.h" />
		<Unit filename="td2play/srclib/lib_spritefont.h" />
		<Unit filename="td2play/srclib/lib_spritefont_structs.h" />
		<Unit filename="td2play/srclib/lib_storage.cpp" />
		<Unit filename="td2play/srclib/lib_storage.h" />
		<Unit filename="td2play/srclib/lib_tilemap.cpp" />
		<Unit filename="td2play/srclib/lib_tilemap.h" />
		<Unit filename="td2play/srclib/test_FixedMath.h" />
		<Unit filename="td2play/srclib/test_math.h" />
		<Extensions>
			<code_completion />
			<envvars />
			<debugger />
			<lib_finder disable_auto="1" />
		</Extensions>
	</Project>
</CodeBlocks_project_file>
